// !$*UTF8*$!
{
	archiveVersion = 1;
	classes = {
	};
	objectVersion = 46;
	objects = {

/* Begin PBXBuildFile section */
		026A297C1F1D4A2000933AC0 /* WikiViewController.swift in Sources */ = {isa = PBXBuildFile; fileRef = 026A297A1F1D4A2000933AC0 /* WikiViewController.swift */; };
		026A297D1F1D4A2000933AC0 /* WikiViewController.xib in Resources */ = {isa = PBXBuildFile; fileRef = 026A297B1F1D4A2000933AC0 /* WikiViewController.xib */; };
		026A298D1F1E99EE00933AC0 /* ArrayDataSource.swift in Sources */ = {isa = PBXBuildFile; fileRef = 026A298C1F1E99EE00933AC0 /* ArrayDataSource.swift */; };
		026A298F1F1E9EE900933AC0 /* ArrayDataSourceTest.swift in Sources */ = {isa = PBXBuildFile; fileRef = 026A298E1F1E9EE900933AC0 /* ArrayDataSourceTest.swift */; };
		026A29911F1EA99400933AC0 /* ArrayTableViewController.swift in Sources */ = {isa = PBXBuildFile; fileRef = 026A29901F1EA99400933AC0 /* ArrayTableViewController.swift */; };
		026A29941F1EAB7A00933AC0 /* DataSources.swift in Sources */ = {isa = PBXBuildFile; fileRef = 026A29931F1EAB7A00933AC0 /* DataSources.swift */; };
		026A299B1F1EB12000933AC0 /* Delegates.swift in Sources */ = {isa = PBXBuildFile; fileRef = 026A299A1F1EB12000933AC0 /* Delegates.swift */; };
		027151611F2A787800540106 /* lannister.png in Resources */ = {isa = PBXBuildFile; fileRef = 027151601F2A787800540106 /* lannister.png */; };
		027151631F2A789900540106 /* stark.png in Resources */ = {isa = PBXBuildFile; fileRef = 027151621F2A789900540106 /* stark.png */; };
		027151651F2A78A700540106 /* Arryn.png in Resources */ = {isa = PBXBuildFile; fileRef = 027151641F2A78A700540106 /* Arryn.png */; };
		027151671F2A78B400540106 /* Tully.png in Resources */ = {isa = PBXBuildFile; fileRef = 027151661F2A78B400540106 /* Tully.png */; };
		027151691F2A78BC00540106 /* Martell.png in Resources */ = {isa = PBXBuildFile; fileRef = 027151681F2A78BC00540106 /* Martell.png */; };
		0271516B1F2A78C100540106 /* Baratheon.png in Resources */ = {isa = PBXBuildFile; fileRef = 0271516A1F2A78C100540106 /* Baratheon.png */; };
		0271516D1F2B4FA600540106 /* SeasonTests.swift in Sources */ = {isa = PBXBuildFile; fileRef = 0271516C1F2B4FA600540106 /* SeasonTests.swift */; };
		0271516F1F2B502D00540106 /* Season.swift in Sources */ = {isa = PBXBuildFile; fileRef = 0271516E1F2B502D00540106 /* Season.swift */; };
		027151711F2B56F500540106 /* EpisodeTest.swift in Sources */ = {isa = PBXBuildFile; fileRef = 027151701F2B56F500540106 /* EpisodeTest.swift */; };
		027151731F2B57D200540106 /* Episode.swift in Sources */ = {isa = PBXBuildFile; fileRef = 027151721F2B57D200540106 /* Episode.swift */; };
		028A06311F1CAE790027B8CB /* greyjoySigil.png in Resources */ = {isa = PBXBuildFile; fileRef = 028A06301F1CAE790027B8CB /* greyjoySigil.png */; };
		028A06351F1CAE860027B8CB /* mormotSigil.png in Resources */ = {isa = PBXBuildFile; fileRef = 028A06321F1CAE860027B8CB /* mormotSigil.png */; };
		028A06361F1CAE860027B8CB /* targaryenSigil.png in Resources */ = {isa = PBXBuildFile; fileRef = 028A06331F1CAE860027B8CB /* targaryenSigil.png */; };
		028A06371F1CAE860027B8CB /* tyrellSigil.png in Resources */ = {isa = PBXBuildFile; fileRef = 028A06341F1CAE860027B8CB /* tyrellSigil.png */; };
		028C92851F2DEF2B0092264C /* e110.jpg in Resources */ = {isa = PBXBuildFile; fileRef = 028C927B1F2DEF2B0092264C /* e110.jpg */; };
		028C92861F2DEF2B0092264C /* e109.jpg in Resources */ = {isa = PBXBuildFile; fileRef = 028C927C1F2DEF2B0092264C /* e109.jpg */; };
		028C92871F2DEF2B0092264C /* e108.jpg in Resources */ = {isa = PBXBuildFile; fileRef = 028C927D1F2DEF2B0092264C /* e108.jpg */; };
		028C92881F2DEF2B0092264C /* e107.jpg in Resources */ = {isa = PBXBuildFile; fileRef = 028C927E1F2DEF2B0092264C /* e107.jpg */; };
		028C92891F2DEF2B0092264C /* e106.jpg in Resources */ = {isa = PBXBuildFile; fileRef = 028C927F1F2DEF2B0092264C /* e106.jpg */; };
		028C928A1F2DEF2B0092264C /* e105.jpg in Resources */ = {isa = PBXBuildFile; fileRef = 028C92801F2DEF2B0092264C /* e105.jpg */; };
		028C928B1F2DEF2B0092264C /* e104.jpg in Resources */ = {isa = PBXBuildFile; fileRef = 028C92811F2DEF2B0092264C /* e104.jpg */; };
		028C928C1F2DEF2B0092264C /* e103.jpg in Resources */ = {isa = PBXBuildFile; fileRef = 028C92821F2DEF2B0092264C /* e103.jpg */; };
		028C928D1F2DEF2B0092264C /* e102.jpg in Resources */ = {isa = PBXBuildFile; fileRef = 028C92831F2DEF2B0092264C /* e102.jpg */; };
		028C928E1F2DEF2B0092264C /* e101.jpg in Resources */ = {isa = PBXBuildFile; fileRef = 028C92841F2DEF2B0092264C /* e101.jpg */; };
		028C929F1F2DF14A0092264C /* e210.jpg in Resources */ = {isa = PBXBuildFile; fileRef = 028C92951F2DF14A0092264C /* e210.jpg */; };
		028C92A01F2DF14A0092264C /* e209.jpg in Resources */ = {isa = PBXBuildFile; fileRef = 028C92961F2DF14A0092264C /* e209.jpg */; };
		028C92A11F2DF14A0092264C /* e208.jpg in Resources */ = {isa = PBXBuildFile; fileRef = 028C92971F2DF14A0092264C /* e208.jpg */; };
		028C92A21F2DF14A0092264C /* e207.jpg in Resources */ = {isa = PBXBuildFile; fileRef = 028C92981F2DF14A0092264C /* e207.jpg */; };
		028C92A31F2DF14A0092264C /* e206.jpg in Resources */ = {isa = PBXBuildFile; fileRef = 028C92991F2DF14A0092264C /* e206.jpg */; };
		028C92A41F2DF14A0092264C /* e205.jpg in Resources */ = {isa = PBXBuildFile; fileRef = 028C929A1F2DF14A0092264C /* e205.jpg */; };
		028C92A51F2DF14A0092264C /* e204.jpg in Resources */ = {isa = PBXBuildFile; fileRef = 028C929B1F2DF14A0092264C /* e204.jpg */; };
		028C92A61F2DF14A0092264C /* e203.jpg in Resources */ = {isa = PBXBuildFile; fileRef = 028C929C1F2DF14A0092264C /* e203.jpg */; };
		028C92A71F2DF14A0092264C /* e202.jpg in Resources */ = {isa = PBXBuildFile; fileRef = 028C929D1F2DF14A0092264C /* e202.jpg */; };
		028C92A81F2DF14A0092264C /* e201.jpg in Resources */ = {isa = PBXBuildFile; fileRef = 028C929E1F2DF14A0092264C /* e201.jpg */; };
		028C92B31F2DF2550092264C /* e310.jpg in Resources */ = {isa = PBXBuildFile; fileRef = 028C92A91F2DF2550092264C /* e310.jpg */; };
		028C92B41F2DF2550092264C /* e309.jpg in Resources */ = {isa = PBXBuildFile; fileRef = 028C92AA1F2DF2550092264C /* e309.jpg */; };
		028C92B51F2DF2550092264C /* e308.jpg in Resources */ = {isa = PBXBuildFile; fileRef = 028C92AB1F2DF2550092264C /* e308.jpg */; };
		028C92B61F2DF2550092264C /* e307.jpg in Resources */ = {isa = PBXBuildFile; fileRef = 028C92AC1F2DF2550092264C /* e307.jpg */; };
		028C92B71F2DF2550092264C /* e306.jpg in Resources */ = {isa = PBXBuildFile; fileRef = 028C92AD1F2DF2550092264C /* e306.jpg */; };
		028C92B81F2DF2550092264C /* e305.jpg in Resources */ = {isa = PBXBuildFile; fileRef = 028C92AE1F2DF2550092264C /* e305.jpg */; };
		028C92B91F2DF2550092264C /* e304.jpg in Resources */ = {isa = PBXBuildFile; fileRef = 028C92AF1F2DF2550092264C /* e304.jpg */; };
		028C92BA1F2DF2550092264C /* e303.jpg in Resources */ = {isa = PBXBuildFile; fileRef = 028C92B01F2DF2550092264C /* e303.jpg */; };
		028C92BB1F2DF2550092264C /* e302.jpg in Resources */ = {isa = PBXBuildFile; fileRef = 028C92B11F2DF2550092264C /* e302.jpg */; };
		028C92BC1F2DF2550092264C /* e301.jpg in Resources */ = {isa = PBXBuildFile; fileRef = 028C92B21F2DF2550092264C /* e301.jpg */; };
		028C92C71F2DF3C40092264C /* e410.jpg in Resources */ = {isa = PBXBuildFile; fileRef = 028C92BD1F2DF3C40092264C /* e410.jpg */; };
		028C92C81F2DF3C40092264C /* e409.jpg in Resources */ = {isa = PBXBuildFile; fileRef = 028C92BE1F2DF3C40092264C /* e409.jpg */; };
		028C92C91F2DF3C40092264C /* e408.jpg in Resources */ = {isa = PBXBuildFile; fileRef = 028C92BF1F2DF3C40092264C /* e408.jpg */; };
		028C92CA1F2DF3C40092264C /* e407.jpg in Resources */ = {isa = PBXBuildFile; fileRef = 028C92C01F2DF3C40092264C /* e407.jpg */; };
		028C92CB1F2DF3C40092264C /* e406.jpg in Resources */ = {isa = PBXBuildFile; fileRef = 028C92C11F2DF3C40092264C /* e406.jpg */; };
		028C92CC1F2DF3C40092264C /* e405.jpg in Resources */ = {isa = PBXBuildFile; fileRef = 028C92C21F2DF3C40092264C /* e405.jpg */; };
		028C92CD1F2DF3C40092264C /* e404.jpg in Resources */ = {isa = PBXBuildFile; fileRef = 028C92C31F2DF3C40092264C /* e404.jpg */; };
		028C92CE1F2DF3C40092264C /* e403.jpg in Resources */ = {isa = PBXBuildFile; fileRef = 028C92C41F2DF3C40092264C /* e403.jpg */; };
		028C92CF1F2DF3C40092264C /* e402.jpg in Resources */ = {isa = PBXBuildFile; fileRef = 028C92C51F2DF3C40092264C /* e402.jpg */; };
		028C92D01F2DF3C40092264C /* e401.jpg in Resources */ = {isa = PBXBuildFile; fileRef = 028C92C61F2DF3C40092264C /* e401.jpg */; };
		028C92DB1F2DF4A60092264C /* e510.jpg in Resources */ = {isa = PBXBuildFile; fileRef = 028C92D11F2DF4A60092264C /* e510.jpg */; };
		028C92DC1F2DF4A60092264C /* e509.jpg in Resources */ = {isa = PBXBuildFile; fileRef = 028C92D21F2DF4A60092264C /* e509.jpg */; };
		028C92DD1F2DF4A60092264C /* e508.jpg in Resources */ = {isa = PBXBuildFile; fileRef = 028C92D31F2DF4A60092264C /* e508.jpg */; };
		028C92DE1F2DF4A60092264C /* e507.jpg in Resources */ = {isa = PBXBuildFile; fileRef = 028C92D41F2DF4A60092264C /* e507.jpg */; };
		028C92DF1F2DF4A60092264C /* e506.jpg in Resources */ = {isa = PBXBuildFile; fileRef = 028C92D51F2DF4A60092264C /* e506.jpg */; };
		028C92E01F2DF4A60092264C /* e505.jpg in Resources */ = {isa = PBXBuildFile; fileRef = 028C92D61F2DF4A60092264C /* e505.jpg */; };
		028C92E11F2DF4A60092264C /* e504.jpg in Resources */ = {isa = PBXBuildFile; fileRef = 028C92D71F2DF4A60092264C /* e504.jpg */; };
		028C92E21F2DF4A60092264C /* e503.jpg in Resources */ = {isa = PBXBuildFile; fileRef = 028C92D81F2DF4A60092264C /* e503.jpg */; };
		028C92E31F2DF4A60092264C /* e502.jpg in Resources */ = {isa = PBXBuildFile; fileRef = 028C92D91F2DF4A60092264C /* e502.jpg */; };
		028C92E41F2DF4A60092264C /* e501.jpg in Resources */ = {isa = PBXBuildFile; fileRef = 028C92DA1F2DF4A60092264C /* e501.jpg */; };
		028C92EF1F2DF57B0092264C /* e610.jpg in Resources */ = {isa = PBXBuildFile; fileRef = 028C92E51F2DF57B0092264C /* e610.jpg */; };
		028C92F01F2DF57B0092264C /* e609.jpg in Resources */ = {isa = PBXBuildFile; fileRef = 028C92E61F2DF57B0092264C /* e609.jpg */; };
		028C92F11F2DF57B0092264C /* e608.jpg in Resources */ = {isa = PBXBuildFile; fileRef = 028C92E71F2DF57B0092264C /* e608.jpg */; };
		028C92F21F2DF57B0092264C /* e607.jpg in Resources */ = {isa = PBXBuildFile; fileRef = 028C92E81F2DF57B0092264C /* e607.jpg */; };
		028C92F31F2DF57B0092264C /* e606.jpg in Resources */ = {isa = PBXBuildFile; fileRef = 028C92E91F2DF57B0092264C /* e606.jpg */; };
		028C92F41F2DF57B0092264C /* e605.jpg in Resources */ = {isa = PBXBuildFile; fileRef = 028C92EA1F2DF57B0092264C /* e605.jpg */; };
		028C92F51F2DF57B0092264C /* e604.jpg in Resources */ = {isa = PBXBuildFile; fileRef = 028C92EB1F2DF57B0092264C /* e604.jpg */; };
		028C92F61F2DF57B0092264C /* e603.jpg in Resources */ = {isa = PBXBuildFile; fileRef = 028C92EC1F2DF57B0092264C /* e603.jpg */; };
		028C92F71F2DF57B0092264C /* e602.jpg in Resources */ = {isa = PBXBuildFile; fileRef = 028C92ED1F2DF57B0092264C /* e602.jpg */; };
		028C92F81F2DF57B0092264C /* e601.jpg in Resources */ = {isa = PBXBuildFile; fileRef = 028C92EE1F2DF57B0092264C /* e601.jpg */; };
		028C92FD1F2DF6180092264C /* e704.jpg in Resources */ = {isa = PBXBuildFile; fileRef = 028C92F91F2DF6180092264C /* e704.jpg */; };
		028C92FE1F2DF6180092264C /* e703.jpg in Resources */ = {isa = PBXBuildFile; fileRef = 028C92FA1F2DF6180092264C /* e703.jpg */; };
		028C92FF1F2DF6180092264C /* e702.jpg in Resources */ = {isa = PBXBuildFile; fileRef = 028C92FB1F2DF6180092264C /* e702.jpg */; };
		028C93001F2DF6180092264C /* e701.jpg in Resources */ = {isa = PBXBuildFile; fileRef = 028C92FC1F2DF6180092264C /* e701.jpg */; };
		02BEDE851F0C47E000179504 /* AppDelegate.swift in Sources */ = {isa = PBXBuildFile; fileRef = 02BEDE841F0C47E000179504 /* AppDelegate.swift */; };
		02BEDE8C1F0C47E000179504 /* Assets.xcassets in Resources */ = {isa = PBXBuildFile; fileRef = 02BEDE8B1F0C47E000179504 /* Assets.xcassets */; };
		02BEDE8F1F0C47E000179504 /* LaunchScreen.storyboard in Resources */ = {isa = PBXBuildFile; fileRef = 02BEDE8D1F0C47E000179504 /* LaunchScreen.storyboard */; };
		02BEDEA51F0EC0F800179504 /* HouseTests.swift in Sources */ = {isa = PBXBuildFile; fileRef = 02BEDEA41F0EC0F800179504 /* HouseTests.swift */; };
		02BEDEA71F0EC29B00179504 /* House.swift in Sources */ = {isa = PBXBuildFile; fileRef = 02BEDEA61F0EC29B00179504 /* House.swift */; };
		02BEDEAD1F0ECE3D00179504 /* codeIsComing.png in Resources */ = {isa = PBXBuildFile; fileRef = 02BEDEAC1F0ECE3D00179504 /* codeIsComing.png */; };
		02BEDEAF1F0ECE6100179504 /* Person.swift in Sources */ = {isa = PBXBuildFile; fileRef = 02BEDEAE1F0ECE6100179504 /* Person.swift */; };
		02BEDEB11F0ED54200179504 /* PersonTests.swift in Sources */ = {isa = PBXBuildFile; fileRef = 02BEDEB01F0ED54200179504 /* PersonTests.swift */; };
		02FA5B751F14128F008CD3A7 /* HouseViewController.swift in Sources */ = {isa = PBXBuildFile; fileRef = 02FA5B731F14128F008CD3A7 /* HouseViewController.swift */; };
		02FA5B761F14128F008CD3A7 /* HouseViewController.xib in Resources */ = {isa = PBXBuildFile; fileRef = 02FA5B741F14128F008CD3A7 /* HouseViewController.xib */; };
		02FA5B791F155DA5008CD3A7 /* UIKitExtensions.swift in Sources */ = {isa = PBXBuildFile; fileRef = 02FA5B781F155DA5008CD3A7 /* UIKitExtensions.swift */; };
		02FA5B7B1F15607D008CD3A7 /* RepositoryTest.swift in Sources */ = {isa = PBXBuildFile; fileRef = 02FA5B7A1F15607D008CD3A7 /* RepositoryTest.swift */; };
		02FA5B7D1F156223008CD3A7 /* Repository.swift in Sources */ = {isa = PBXBuildFile; fileRef = 02FA5B7C1F156223008CD3A7 /* Repository.swift */; };
/* End PBXBuildFile section */

/* Begin PBXContainerItemProxy section */
		02BEDE961F0C47E000179504 /* PBXContainerItemProxy */ = {
			isa = PBXContainerItemProxy;
			containerPortal = 02BEDE791F0C47E000179504 /* Project object */;
			proxyType = 1;
			remoteGlobalIDString = 02BEDE801F0C47E000179504;
			remoteInfo = Westeros;
		};
/* End PBXContainerItemProxy section */

/* Begin PBXFileReference section */
		026A297A1F1D4A2000933AC0 /* WikiViewController.swift */ = {isa = PBXFileReference; fileEncoding = 4; lastKnownFileType = sourcecode.swift; path = WikiViewController.swift; sourceTree = "<group>"; };
		026A297B1F1D4A2000933AC0 /* WikiViewController.xib */ = {isa = PBXFileReference; fileEncoding = 4; lastKnownFileType = file.xib; path = WikiViewController.xib; sourceTree = "<group>"; };
		026A298C1F1E99EE00933AC0 /* ArrayDataSource.swift */ = {isa = PBXFileReference; fileEncoding = 4; lastKnownFileType = sourcecode.swift; path = ArrayDataSource.swift; sourceTree = "<group>"; };
		026A298E1F1E9EE900933AC0 /* ArrayDataSourceTest.swift */ = {isa = PBXFileReference; fileEncoding = 4; lastKnownFileType = sourcecode.swift; path = ArrayDataSourceTest.swift; sourceTree = "<group>"; };
		026A29901F1EA99400933AC0 /* ArrayTableViewController.swift */ = {isa = PBXFileReference; fileEncoding = 4; lastKnownFileType = sourcecode.swift; path = ArrayTableViewController.swift; sourceTree = "<group>"; };
		026A29931F1EAB7A00933AC0 /* DataSources.swift */ = {isa = PBXFileReference; fileEncoding = 4; lastKnownFileType = sourcecode.swift; path = DataSources.swift; sourceTree = "<group>"; };
		026A299A1F1EB12000933AC0 /* Delegates.swift */ = {isa = PBXFileReference; fileEncoding = 4; lastKnownFileType = sourcecode.swift; path = Delegates.swift; sourceTree = "<group>"; };
		027151601F2A787800540106 /* lannister.png */ = {isa = PBXFileReference; lastKnownFileType = image.png; path = lannister.png; sourceTree = "<group>"; };
		027151621F2A789900540106 /* stark.png */ = {isa = PBXFileReference; lastKnownFileType = image.png; path = stark.png; sourceTree = "<group>"; };
		027151641F2A78A700540106 /* Arryn.png */ = {isa = PBXFileReference; lastKnownFileType = image.png; path = Arryn.png; sourceTree = "<group>"; };
		027151661F2A78B400540106 /* Tully.png */ = {isa = PBXFileReference; lastKnownFileType = image.png; path = Tully.png; sourceTree = "<group>"; };
		027151681F2A78BC00540106 /* Martell.png */ = {isa = PBXFileReference; lastKnownFileType = image.png; path = Martell.png; sourceTree = "<group>"; };
		0271516A1F2A78C100540106 /* Baratheon.png */ = {isa = PBXFileReference; lastKnownFileType = image.png; path = Baratheon.png; sourceTree = "<group>"; };
		0271516C1F2B4FA600540106 /* SeasonTests.swift */ = {isa = PBXFileReference; fileEncoding = 4; lastKnownFileType = sourcecode.swift; path = SeasonTests.swift; sourceTree = "<group>"; };
		0271516E1F2B502D00540106 /* Season.swift */ = {isa = PBXFileReference; fileEncoding = 4; lastKnownFileType = sourcecode.swift; path = Season.swift; sourceTree = "<group>"; };
		027151701F2B56F500540106 /* EpisodeTest.swift */ = {isa = PBXFileReference; fileEncoding = 4; lastKnownFileType = sourcecode.swift; path = EpisodeTest.swift; sourceTree = "<group>"; };
		027151721F2B57D200540106 /* Episode.swift */ = {isa = PBXFileReference; fileEncoding = 4; lastKnownFileType = sourcecode.swift; path = Episode.swift; sourceTree = "<group>"; };
		028A06301F1CAE790027B8CB /* greyjoySigil.png */ = {isa = PBXFileReference; lastKnownFileType = image.png; path = greyjoySigil.png; sourceTree = "<group>"; };
		028A06321F1CAE860027B8CB /* mormotSigil.png */ = {isa = PBXFileReference; lastKnownFileType = image.png; path = mormotSigil.png; sourceTree = "<group>"; };
		028A06331F1CAE860027B8CB /* targaryenSigil.png */ = {isa = PBXFileReference; lastKnownFileType = image.png; path = targaryenSigil.png; sourceTree = "<group>"; };
		028A06341F1CAE860027B8CB /* tyrellSigil.png */ = {isa = PBXFileReference; lastKnownFileType = image.png; path = tyrellSigil.png; sourceTree = "<group>"; };
		028C927B1F2DEF2B0092264C /* e110.jpg */ = {isa = PBXFileReference; lastKnownFileType = image.jpeg; path = e110.jpg; sourceTree = "<group>"; };
		028C927C1F2DEF2B0092264C /* e109.jpg */ = {isa = PBXFileReference; lastKnownFileType = image.jpeg; path = e109.jpg; sourceTree = "<group>"; };
		028C927D1F2DEF2B0092264C /* e108.jpg */ = {isa = PBXFileReference; lastKnownFileType = image.jpeg; path = e108.jpg; sourceTree = "<group>"; };
		028C927E1F2DEF2B0092264C /* e107.jpg */ = {isa = PBXFileReference; lastKnownFileType = image.jpeg; path = e107.jpg; sourceTree = "<group>"; };
		028C927F1F2DEF2B0092264C /* e106.jpg */ = {isa = PBXFileReference; lastKnownFileType = image.jpeg; path = e106.jpg; sourceTree = "<group>"; };
		028C92801F2DEF2B0092264C /* e105.jpg */ = {isa = PBXFileReference; lastKnownFileType = image.jpeg; path = e105.jpg; sourceTree = "<group>"; };
		028C92811F2DEF2B0092264C /* e104.jpg */ = {isa = PBXFileReference; lastKnownFileType = image.jpeg; path = e104.jpg; sourceTree = "<group>"; };
		028C92821F2DEF2B0092264C /* e103.jpg */ = {isa = PBXFileReference; lastKnownFileType = image.jpeg; path = e103.jpg; sourceTree = "<group>"; };
		028C92831F2DEF2B0092264C /* e102.jpg */ = {isa = PBXFileReference; lastKnownFileType = image.jpeg; path = e102.jpg; sourceTree = "<group>"; };
		028C92841F2DEF2B0092264C /* e101.jpg */ = {isa = PBXFileReference; lastKnownFileType = image.jpeg; path = e101.jpg; sourceTree = "<group>"; };
		028C92951F2DF14A0092264C /* e210.jpg */ = {isa = PBXFileReference; lastKnownFileType = image.jpeg; path = e210.jpg; sourceTree = "<group>"; };
		028C92961F2DF14A0092264C /* e209.jpg */ = {isa = PBXFileReference; lastKnownFileType = image.jpeg; path = e209.jpg; sourceTree = "<group>"; };
		028C92971F2DF14A0092264C /* e208.jpg */ = {isa = PBXFileReference; lastKnownFileType = image.jpeg; path = e208.jpg; sourceTree = "<group>"; };
		028C92981F2DF14A0092264C /* e207.jpg */ = {isa = PBXFileReference; lastKnownFileType = image.jpeg; path = e207.jpg; sourceTree = "<group>"; };
		028C92991F2DF14A0092264C /* e206.jpg */ = {isa = PBXFileReference; lastKnownFileType = image.jpeg; path = e206.jpg; sourceTree = "<group>"; };
		028C929A1F2DF14A0092264C /* e205.jpg */ = {isa = PBXFileReference; lastKnownFileType = image.jpeg; path = e205.jpg; sourceTree = "<group>"; };
		028C929B1F2DF14A0092264C /* e204.jpg */ = {isa = PBXFileReference; lastKnownFileType = image.jpeg; path = e204.jpg; sourceTree = "<group>"; };
		028C929C1F2DF14A0092264C /* e203.jpg */ = {isa = PBXFileReference; lastKnownFileType = image.jpeg; path = e203.jpg; sourceTree = "<group>"; };
		028C929D1F2DF14A0092264C /* e202.jpg */ = {isa = PBXFileReference; lastKnownFileType = image.jpeg; path = e202.jpg; sourceTree = "<group>"; };
		028C929E1F2DF14A0092264C /* e201.jpg */ = {isa = PBXFileReference; lastKnownFileType = image.jpeg; path = e201.jpg; sourceTree = "<group>"; };
		028C92A91F2DF2550092264C /* e310.jpg */ = {isa = PBXFileReference; lastKnownFileType = image.jpeg; path = e310.jpg; sourceTree = "<group>"; };
		028C92AA1F2DF2550092264C /* e309.jpg */ = {isa = PBXFileReference; lastKnownFileType = image.jpeg; path = e309.jpg; sourceTree = "<group>"; };
		028C92AB1F2DF2550092264C /* e308.jpg */ = {isa = PBXFileReference; lastKnownFileType = image.jpeg; path = e308.jpg; sourceTree = "<group>"; };
		028C92AC1F2DF2550092264C /* e307.jpg */ = {isa = PBXFileReference; lastKnownFileType = image.jpeg; path = e307.jpg; sourceTree = "<group>"; };
		028C92AD1F2DF2550092264C /* e306.jpg */ = {isa = PBXFileReference; lastKnownFileType = image.jpeg; path = e306.jpg; sourceTree = "<group>"; };
		028C92AE1F2DF2550092264C /* e305.jpg */ = {isa = PBXFileReference; lastKnownFileType = image.jpeg; path = e305.jpg; sourceTree = "<group>"; };
		028C92AF1F2DF2550092264C /* e304.jpg */ = {isa = PBXFileReference; lastKnownFileType = image.jpeg; path = e304.jpg; sourceTree = "<group>"; };
		028C92B01F2DF2550092264C /* e303.jpg */ = {isa = PBXFileReference; lastKnownFileType = image.jpeg; path = e303.jpg; sourceTree = "<group>"; };
		028C92B11F2DF2550092264C /* e302.jpg */ = {isa = PBXFileReference; lastKnownFileType = image.jpeg; path = e302.jpg; sourceTree = "<group>"; };
		028C92B21F2DF2550092264C /* e301.jpg */ = {isa = PBXFileReference; lastKnownFileType = image.jpeg; path = e301.jpg; sourceTree = "<group>"; };
		028C92BD1F2DF3C40092264C /* e410.jpg */ = {isa = PBXFileReference; lastKnownFileType = image.jpeg; path = e410.jpg; sourceTree = "<group>"; };
		028C92BE1F2DF3C40092264C /* e409.jpg */ = {isa = PBXFileReference; lastKnownFileType = image.jpeg; path = e409.jpg; sourceTree = "<group>"; };
		028C92BF1F2DF3C40092264C /* e408.jpg */ = {isa = PBXFileReference; lastKnownFileType = image.jpeg; path = e408.jpg; sourceTree = "<group>"; };
		028C92C01F2DF3C40092264C /* e407.jpg */ = {isa = PBXFileReference; lastKnownFileType = image.jpeg; path = e407.jpg; sourceTree = "<group>"; };
		028C92C11F2DF3C40092264C /* e406.jpg */ = {isa = PBXFileReference; lastKnownFileType = image.jpeg; path = e406.jpg; sourceTree = "<group>"; };
		028C92C21F2DF3C40092264C /* e405.jpg */ = {isa = PBXFileReference; lastKnownFileType = image.jpeg; path = e405.jpg; sourceTree = "<group>"; };
		028C92C31F2DF3C40092264C /* e404.jpg */ = {isa = PBXFileReference; lastKnownFileType = image.jpeg; path = e404.jpg; sourceTree = "<group>"; };
		028C92C41F2DF3C40092264C /* e403.jpg */ = {isa = PBXFileReference; lastKnownFileType = image.jpeg; path = e403.jpg; sourceTree = "<group>"; };
		028C92C51F2DF3C40092264C /* e402.jpg */ = {isa = PBXFileReference; lastKnownFileType = image.jpeg; path = e402.jpg; sourceTree = "<group>"; };
		028C92C61F2DF3C40092264C /* e401.jpg */ = {isa = PBXFileReference; lastKnownFileType = image.jpeg; path = e401.jpg; sourceTree = "<group>"; };
		028C92D11F2DF4A60092264C /* e510.jpg */ = {isa = PBXFileReference; lastKnownFileType = image.jpeg; path = e510.jpg; sourceTree = "<group>"; };
		028C92D21F2DF4A60092264C /* e509.jpg */ = {isa = PBXFileReference; lastKnownFileType = image.jpeg; path = e509.jpg; sourceTree = "<group>"; };
		028C92D31F2DF4A60092264C /* e508.jpg */ = {isa = PBXFileReference; lastKnownFileType = image.jpeg; path = e508.jpg; sourceTree = "<group>"; };
		028C92D41F2DF4A60092264C /* e507.jpg */ = {isa = PBXFileReference; lastKnownFileType = image.jpeg; path = e507.jpg; sourceTree = "<group>"; };
		028C92D51F2DF4A60092264C /* e506.jpg */ = {isa = PBXFileReference; lastKnownFileType = image.jpeg; path = e506.jpg; sourceTree = "<group>"; };
		028C92D61F2DF4A60092264C /* e505.jpg */ = {isa = PBXFileReference; lastKnownFileType = image.jpeg; path = e505.jpg; sourceTree = "<group>"; };
		028C92D71F2DF4A60092264C /* e504.jpg */ = {isa = PBXFileReference; lastKnownFileType = image.jpeg; path = e504.jpg; sourceTree = "<group>"; };
		028C92D81F2DF4A60092264C /* e503.jpg */ = {isa = PBXFileReference; lastKnownFileType = image.jpeg; path = e503.jpg; sourceTree = "<group>"; };
		028C92D91F2DF4A60092264C /* e502.jpg */ = {isa = PBXFileReference; lastKnownFileType = image.jpeg; path = e502.jpg; sourceTree = "<group>"; };
		028C92DA1F2DF4A60092264C /* e501.jpg */ = {isa = PBXFileReference; lastKnownFileType = image.jpeg; path = e501.jpg; sourceTree = "<group>"; };
		028C92E51F2DF57B0092264C /* e610.jpg */ = {isa = PBXFileReference; lastKnownFileType = image.jpeg; path = e610.jpg; sourceTree = "<group>"; };
		028C92E61F2DF57B0092264C /* e609.jpg */ = {isa = PBXFileReference; lastKnownFileType = image.jpeg; path = e609.jpg; sourceTree = "<group>"; };
		028C92E71F2DF57B0092264C /* e608.jpg */ = {isa = PBXFileReference; lastKnownFileType = image.jpeg; path = e608.jpg; sourceTree = "<group>"; };
		028C92E81F2DF57B0092264C /* e607.jpg */ = {isa = PBXFileReference; lastKnownFileType = image.jpeg; path = e607.jpg; sourceTree = "<group>"; };
		028C92E91F2DF57B0092264C /* e606.jpg */ = {isa = PBXFileReference; lastKnownFileType = image.jpeg; path = e606.jpg; sourceTree = "<group>"; };
		028C92EA1F2DF57B0092264C /* e605.jpg */ = {isa = PBXFileReference; lastKnownFileType = image.jpeg; path = e605.jpg; sourceTree = "<group>"; };
		028C92EB1F2DF57B0092264C /* e604.jpg */ = {isa = PBXFileReference; lastKnownFileType = image.jpeg; path = e604.jpg; sourceTree = "<group>"; };
		028C92EC1F2DF57B0092264C /* e603.jpg */ = {isa = PBXFileReference; lastKnownFileType = image.jpeg; path = e603.jpg; sourceTree = "<group>"; };
		028C92ED1F2DF57B0092264C /* e602.jpg */ = {isa = PBXFileReference; lastKnownFileType = image.jpeg; path = e602.jpg; sourceTree = "<group>"; };
		028C92EE1F2DF57B0092264C /* e601.jpg */ = {isa = PBXFileReference; lastKnownFileType = image.jpeg; path = e601.jpg; sourceTree = "<group>"; };
		028C92F91F2DF6180092264C /* e704.jpg */ = {isa = PBXFileReference; lastKnownFileType = image.jpeg; path = e704.jpg; sourceTree = "<group>"; };
		028C92FA1F2DF6180092264C /* e703.jpg */ = {isa = PBXFileReference; lastKnownFileType = image.jpeg; path = e703.jpg; sourceTree = "<group>"; };
		028C92FB1F2DF6180092264C /* e702.jpg */ = {isa = PBXFileReference; lastKnownFileType = image.jpeg; path = e702.jpg; sourceTree = "<group>"; };
		028C92FC1F2DF6180092264C /* e701.jpg */ = {isa = PBXFileReference; lastKnownFileType = image.jpeg; path = e701.jpg; sourceTree = "<group>"; };
		02BEDE811F0C47E000179504 /* Westeros.app */ = {isa = PBXFileReference; explicitFileType = wrapper.application; includeInIndex = 0; path = Westeros.app; sourceTree = BUILT_PRODUCTS_DIR; };
		02BEDE841F0C47E000179504 /* AppDelegate.swift */ = {isa = PBXFileReference; lastKnownFileType = sourcecode.swift; path = AppDelegate.swift; sourceTree = "<group>"; };
		02BEDE8B1F0C47E000179504 /* Assets.xcassets */ = {isa = PBXFileReference; lastKnownFileType = folder.assetcatalog; path = Assets.xcassets; sourceTree = "<group>"; };
		02BEDE8E1F0C47E000179504 /* Base */ = {isa = PBXFileReference; lastKnownFileType = file.storyboard; name = Base; path = Base.lproj/LaunchScreen.storyboard; sourceTree = "<group>"; };
		02BEDE901F0C47E000179504 /* Info.plist */ = {isa = PBXFileReference; lastKnownFileType = text.plist.xml; path = Info.plist; sourceTree = "<group>"; };
		02BEDE951F0C47E000179504 /* WesterosTests.xctest */ = {isa = PBXFileReference; explicitFileType = wrapper.cfbundle; includeInIndex = 0; path = WesterosTests.xctest; sourceTree = BUILT_PRODUCTS_DIR; };
		02BEDE9B1F0C47E000179504 /* Info.plist */ = {isa = PBXFileReference; lastKnownFileType = text.plist.xml; path = Info.plist; sourceTree = "<group>"; };
		02BEDEA41F0EC0F800179504 /* HouseTests.swift */ = {isa = PBXFileReference; fileEncoding = 4; lastKnownFileType = sourcecode.swift; path = HouseTests.swift; sourceTree = "<group>"; };
		02BEDEA61F0EC29B00179504 /* House.swift */ = {isa = PBXFileReference; fileEncoding = 4; lastKnownFileType = sourcecode.swift; path = House.swift; sourceTree = "<group>"; };
		02BEDEAC1F0ECE3D00179504 /* codeIsComing.png */ = {isa = PBXFileReference; lastKnownFileType = image.png; path = codeIsComing.png; sourceTree = "<group>"; };
		02BEDEAE1F0ECE6100179504 /* Person.swift */ = {isa = PBXFileReference; fileEncoding = 4; lastKnownFileType = sourcecode.swift; path = Person.swift; sourceTree = "<group>"; };
		02BEDEB01F0ED54200179504 /* PersonTests.swift */ = {isa = PBXFileReference; fileEncoding = 4; lastKnownFileType = sourcecode.swift; path = PersonTests.swift; sourceTree = "<group>"; };
		02FA5B731F14128F008CD3A7 /* HouseViewController.swift */ = {isa = PBXFileReference; fileEncoding = 4; lastKnownFileType = sourcecode.swift; path = HouseViewController.swift; sourceTree = "<group>"; };
		02FA5B741F14128F008CD3A7 /* HouseViewController.xib */ = {isa = PBXFileReference; fileEncoding = 4; lastKnownFileType = file.xib; path = HouseViewController.xib; sourceTree = "<group>"; };
		02FA5B781F155DA5008CD3A7 /* UIKitExtensions.swift */ = {isa = PBXFileReference; fileEncoding = 4; lastKnownFileType = sourcecode.swift; path = UIKitExtensions.swift; sourceTree = "<group>"; };
		02FA5B7A1F15607D008CD3A7 /* RepositoryTest.swift */ = {isa = PBXFileReference; fileEncoding = 4; lastKnownFileType = sourcecode.swift; path = RepositoryTest.swift; sourceTree = "<group>"; };
		02FA5B7C1F156223008CD3A7 /* Repository.swift */ = {isa = PBXFileReference; fileEncoding = 4; lastKnownFileType = sourcecode.swift; path = Repository.swift; sourceTree = "<group>"; };
/* End PBXFileReference section */

/* Begin PBXFrameworksBuildPhase section */
		02BEDE7E1F0C47E000179504 /* Frameworks */ = {
			isa = PBXFrameworksBuildPhase;
			buildActionMask = 2147483647;
			files = (
			);
			runOnlyForDeploymentPostprocessing = 0;
		};
		02BEDE921F0C47E000179504 /* Frameworks */ = {
			isa = PBXFrameworksBuildPhase;
			buildActionMask = 2147483647;
			files = (
			);
			runOnlyForDeploymentPostprocessing = 0;
		};
/* End PBXFrameworksBuildPhase section */

/* Begin PBXGroup section */
		026A29921F1EAB4D00933AC0 /* Generics */ = {
			isa = PBXGroup;
			children = (
				026A29901F1EA99400933AC0 /* ArrayTableViewController.swift */,
				026A298C1F1E99EE00933AC0 /* ArrayDataSource.swift */,
				026A29931F1EAB7A00933AC0 /* DataSources.swift */,
				026A299A1F1EB12000933AC0 /* Delegates.swift */,
			);
			name = Generics;
			sourceTree = "<group>";
		};
		028C92791F2DEEF50092264C /* Houses */ = {
			isa = PBXGroup;
			children = (
				027151661F2A78B400540106 /* Tully.png */,
				027151621F2A789900540106 /* stark.png */,
				027151681F2A78BC00540106 /* Martell.png */,
				0271516A1F2A78C100540106 /* Baratheon.png */,
				027151601F2A787800540106 /* lannister.png */,
				028A06321F1CAE860027B8CB /* mormotSigil.png */,
				028A06331F1CAE860027B8CB /* targaryenSigil.png */,
				028A06341F1CAE860027B8CB /* tyrellSigil.png */,
				028A06301F1CAE790027B8CB /* greyjoySigil.png */,
				027151641F2A78A700540106 /* Arryn.png */,
				02BEDEAC1F0ECE3D00179504 /* codeIsComing.png */,
			);
			name = Houses;
			sourceTree = "<group>";
		};
		028C927A1F2DEF0A0092264C /* Season1 */ = {
			isa = PBXGroup;
			children = (
				028C927B1F2DEF2B0092264C /* e110.jpg */,
				028C927C1F2DEF2B0092264C /* e109.jpg */,
				028C927D1F2DEF2B0092264C /* e108.jpg */,
				028C927E1F2DEF2B0092264C /* e107.jpg */,
				028C927F1F2DEF2B0092264C /* e106.jpg */,
				028C92801F2DEF2B0092264C /* e105.jpg */,
				028C92811F2DEF2B0092264C /* e104.jpg */,
				028C92821F2DEF2B0092264C /* e103.jpg */,
				028C92831F2DEF2B0092264C /* e102.jpg */,
				028C92841F2DEF2B0092264C /* e101.jpg */,
			);
			name = Season1;
			sourceTree = "<group>";
		};
		028C928F1F2DEF3A0092264C /* Season2 */ = {
			isa = PBXGroup;
			children = (
				028C92951F2DF14A0092264C /* e210.jpg */,
				028C92961F2DF14A0092264C /* e209.jpg */,
				028C92971F2DF14A0092264C /* e208.jpg */,
				028C92981F2DF14A0092264C /* e207.jpg */,
				028C92991F2DF14A0092264C /* e206.jpg */,
				028C929A1F2DF14A0092264C /* e205.jpg */,
				028C929B1F2DF14A0092264C /* e204.jpg */,
				028C929C1F2DF14A0092264C /* e203.jpg */,
				028C929D1F2DF14A0092264C /* e202.jpg */,
				028C929E1F2DF14A0092264C /* e201.jpg */,
			);
			name = Season2;
			sourceTree = "<group>";
		};
		028C92901F2DEF420092264C /* Season3 */ = {
			isa = PBXGroup;
			children = (
				028C92A91F2DF2550092264C /* e310.jpg */,
				028C92AA1F2DF2550092264C /* e309.jpg */,
				028C92AB1F2DF2550092264C /* e308.jpg */,
				028C92AC1F2DF2550092264C /* e307.jpg */,
				028C92AD1F2DF2550092264C /* e306.jpg */,
				028C92AE1F2DF2550092264C /* e305.jpg */,
				028C92AF1F2DF2550092264C /* e304.jpg */,
				028C92B01F2DF2550092264C /* e303.jpg */,
				028C92B11F2DF2550092264C /* e302.jpg */,
				028C92B21F2DF2550092264C /* e301.jpg */,
			);
			name = Season3;
			sourceTree = "<group>";
		};
		028C92911F2DEF4A0092264C /* Season4 */ = {
			isa = PBXGroup;
			children = (
				028C92BD1F2DF3C40092264C /* e410.jpg */,
				028C92BE1F2DF3C40092264C /* e409.jpg */,
				028C92BF1F2DF3C40092264C /* e408.jpg */,
				028C92C01F2DF3C40092264C /* e407.jpg */,
				028C92C11F2DF3C40092264C /* e406.jpg */,
				028C92C21F2DF3C40092264C /* e405.jpg */,
				028C92C31F2DF3C40092264C /* e404.jpg */,
				028C92C41F2DF3C40092264C /* e403.jpg */,
				028C92C51F2DF3C40092264C /* e402.jpg */,
				028C92C61F2DF3C40092264C /* e401.jpg */,
			);
			name = Season4;
			sourceTree = "<group>";
		};
		028C92921F2DEF520092264C /* Season5 */ = {
			isa = PBXGroup;
			children = (
				028C92D11F2DF4A60092264C /* e510.jpg */,
				028C92D21F2DF4A60092264C /* e509.jpg */,
				028C92D31F2DF4A60092264C /* e508.jpg */,
				028C92D41F2DF4A60092264C /* e507.jpg */,
				028C92D51F2DF4A60092264C /* e506.jpg */,
				028C92D61F2DF4A60092264C /* e505.jpg */,
				028C92D71F2DF4A60092264C /* e504.jpg */,
				028C92D81F2DF4A60092264C /* e503.jpg */,
				028C92D91F2DF4A60092264C /* e502.jpg */,
				028C92DA1F2DF4A60092264C /* e501.jpg */,
			);
			name = Season5;
			sourceTree = "<group>";
		};
		028C92931F2DEF590092264C /* Season6 */ = {
			isa = PBXGroup;
			children = (
				028C92E51F2DF57B0092264C /* e610.jpg */,
				028C92E61F2DF57B0092264C /* e609.jpg */,
				028C92E71F2DF57B0092264C /* e608.jpg */,
				028C92E81F2DF57B0092264C /* e607.jpg */,
				028C92E91F2DF57B0092264C /* e606.jpg */,
				028C92EA1F2DF57B0092264C /* e605.jpg */,
				028C92EB1F2DF57B0092264C /* e604.jpg */,
				028C92EC1F2DF57B0092264C /* e603.jpg */,
				028C92ED1F2DF57B0092264C /* e602.jpg */,
				028C92EE1F2DF57B0092264C /* e601.jpg */,
			);
			name = Season6;
			sourceTree = "<group>";
		};
		028C92941F2DEF620092264C /* Season7 */ = {
			isa = PBXGroup;
			children = (
				028C92F91F2DF6180092264C /* e704.jpg */,
				028C92FA1F2DF6180092264C /* e703.jpg */,
				028C92FB1F2DF6180092264C /* e702.jpg */,
				028C92FC1F2DF6180092264C /* e701.jpg */,
			);
			name = Season7;
			sourceTree = "<group>";
		};
		02BEDE781F0C47E000179504 = {
			isa = PBXGroup;
			children = (
				02BEDE831F0C47E000179504 /* Westeros */,
				02BEDE981F0C47E000179504 /* WesterosTests */,
				02BEDE821F0C47E000179504 /* Products */,
			);
			sourceTree = "<group>";
		};
		02BEDE821F0C47E000179504 /* Products */ = {
			isa = PBXGroup;
			children = (
				02BEDE811F0C47E000179504 /* Westeros.app */,
				02BEDE951F0C47E000179504 /* WesterosTests.xctest */,
			);
			name = Products;
			sourceTree = "<group>";
		};
		02BEDE831F0C47E000179504 /* Westeros */ = {
			isa = PBXGroup;
			children = (
				02FA5B771F155D7B008CD3A7 /* CocoaExtensions */,
				02BEDEA91F0ECA3C00179504 /* Resources */,
				02FA5B721F141142008CD3A7 /* Controllers */,
				02BEDEA81F0EC43A00179504 /* Models */,
				02BEDE841F0C47E000179504 /* AppDelegate.swift */,
				02BEDE8B1F0C47E000179504 /* Assets.xcassets */,
				02BEDE8D1F0C47E000179504 /* LaunchScreen.storyboard */,
				02BEDE901F0C47E000179504 /* Info.plist */,
			);
			path = Westeros;
			sourceTree = "<group>";
		};
		02BEDE981F0C47E000179504 /* WesterosTests */ = {
			isa = PBXGroup;
			children = (
				02BEDE9B1F0C47E000179504 /* Info.plist */,
				02BEDEA41F0EC0F800179504 /* HouseTests.swift */,
				02BEDEB01F0ED54200179504 /* PersonTests.swift */,
				02FA5B7A1F15607D008CD3A7 /* RepositoryTest.swift */,
				026A298E1F1E9EE900933AC0 /* ArrayDataSourceTest.swift */,
				0271516C1F2B4FA600540106 /* SeasonTests.swift */,
				027151701F2B56F500540106 /* EpisodeTest.swift */,
			);
			path = WesterosTests;
			sourceTree = "<group>";
		};
		02BEDEA81F0EC43A00179504 /* Models */ = {
			isa = PBXGroup;
			children = (
				02BEDEA61F0EC29B00179504 /* House.swift */,
				02BEDEAE1F0ECE6100179504 /* Person.swift */,
				02FA5B7C1F156223008CD3A7 /* Repository.swift */,
				0271516E1F2B502D00540106 /* Season.swift */,
				027151721F2B57D200540106 /* Episode.swift */,
			);
			name = Models;
			sourceTree = "<group>";
		};
		02BEDEA91F0ECA3C00179504 /* Resources */ = {
			isa = PBXGroup;
			children = (
				028C92791F2DEEF50092264C /* Houses */,
				028C927A1F2DEF0A0092264C /* Season1 */,
				028C928F1F2DEF3A0092264C /* Season2 */,
				028C92901F2DEF420092264C /* Season3 */,
				028C92911F2DEF4A0092264C /* Season4 */,
				028C92921F2DEF520092264C /* Season5 */,
				028C92931F2DEF590092264C /* Season6 */,
				028C92941F2DEF620092264C /* Season7 */,
			);
			name = Resources;
			sourceTree = "<group>";
		};
		02FA5B721F141142008CD3A7 /* Controllers */ = {
			isa = PBXGroup;
			children = (
				026A29921F1EAB4D00933AC0 /* Generics */,
				02FA5B731F14128F008CD3A7 /* HouseViewController.swift */,
				02FA5B741F14128F008CD3A7 /* HouseViewController.xib */,
				026A297A1F1D4A2000933AC0 /* WikiViewController.swift */,
				026A297B1F1D4A2000933AC0 /* WikiViewController.xib */,
			);
			name = Controllers;
			sourceTree = "<group>";
		};
		02FA5B771F155D7B008CD3A7 /* CocoaExtensions */ = {
			isa = PBXGroup;
			children = (
				02FA5B781F155DA5008CD3A7 /* UIKitExtensions.swift */,
			);
			name = CocoaExtensions;
			sourceTree = "<group>";
		};
/* End PBXGroup section */

/* Begin PBXNativeTarget section */
		02BEDE801F0C47E000179504 /* Westeros */ = {
			isa = PBXNativeTarget;
			buildConfigurationList = 02BEDE9E1F0C47E000179504 /* Build configuration list for PBXNativeTarget "Westeros" */;
			buildPhases = (
				02BEDE7D1F0C47E000179504 /* Sources */,
				02BEDE7E1F0C47E000179504 /* Frameworks */,
				02BEDE7F1F0C47E000179504 /* Resources */,
			);
			buildRules = (
			);
			dependencies = (
			);
			name = Westeros;
			productName = Westeros;
			productReference = 02BEDE811F0C47E000179504 /* Westeros.app */;
			productType = "com.apple.product-type.application";
		};
		02BEDE941F0C47E000179504 /* WesterosTests */ = {
			isa = PBXNativeTarget;
			buildConfigurationList = 02BEDEA11F0C47E000179504 /* Build configuration list for PBXNativeTarget "WesterosTests" */;
			buildPhases = (
				02BEDE911F0C47E000179504 /* Sources */,
				02BEDE921F0C47E000179504 /* Frameworks */,
				02BEDE931F0C47E000179504 /* Resources */,
			);
			buildRules = (
			);
			dependencies = (
				02BEDE971F0C47E000179504 /* PBXTargetDependency */,
			);
			name = WesterosTests;
			productName = WesterosTests;
			productReference = 02BEDE951F0C47E000179504 /* WesterosTests.xctest */;
			productType = "com.apple.product-type.bundle.unit-test";
		};
/* End PBXNativeTarget section */

/* Begin PBXProject section */
		02BEDE791F0C47E000179504 /* Project object */ = {
			isa = PBXProject;
			attributes = {
				LastSwiftUpdateCheck = 0830;
				LastUpgradeCheck = 0830;
				ORGANIZATIONNAME = Jarzasa;
				TargetAttributes = {
					02BEDE801F0C47E000179504 = {
						CreatedOnToolsVersion = 8.3.3;
						DevelopmentTeam = 57THTWEVBU;
						ProvisioningStyle = Automatic;
					};
					02BEDE941F0C47E000179504 = {
						CreatedOnToolsVersion = 8.3.3;
						DevelopmentTeam = 57THTWEVBU;
						LastSwiftMigration = 0830;
						ProvisioningStyle = Automatic;
						TestTargetID = 02BEDE801F0C47E000179504;
					};
				};
			};
			buildConfigurationList = 02BEDE7C1F0C47E000179504 /* Build configuration list for PBXProject "Westeros" */;
			compatibilityVersion = "Xcode 3.2";
			developmentRegion = English;
			hasScannedForEncodings = 0;
			knownRegions = (
				en,
				Base,
			);
			mainGroup = 02BEDE781F0C47E000179504;
			productRefGroup = 02BEDE821F0C47E000179504 /* Products */;
			projectDirPath = "";
			projectRoot = "";
			targets = (
				02BEDE801F0C47E000179504 /* Westeros */,
				02BEDE941F0C47E000179504 /* WesterosTests */,
			);
		};
/* End PBXProject section */

/* Begin PBXResourcesBuildPhase section */
		02BEDE7F1F0C47E000179504 /* Resources */ = {
			isa = PBXResourcesBuildPhase;
			buildActionMask = 2147483647;
			files = (
				028C92C81F2DF3C40092264C /* e409.jpg in Resources */,
				027151611F2A787800540106 /* lannister.png in Resources */,
				028C92861F2DEF2B0092264C /* e109.jpg in Resources */,
				026A297D1F1D4A2000933AC0 /* WikiViewController.xib in Resources */,
				028C92E21F2DF4A60092264C /* e503.jpg in Resources */,
				028C928B1F2DEF2B0092264C /* e104.jpg in Resources */,
				028C92CE1F2DF3C40092264C /* e403.jpg in Resources */,
				028C92FD1F2DF6180092264C /* e704.jpg in Resources */,
				028C92FE1F2DF6180092264C /* e703.jpg in Resources */,
				028C92B31F2DF2550092264C /* e310.jpg in Resources */,
				028C92F71F2DF57B0092264C /* e602.jpg in Resources */,
				028C92DC1F2DF4A60092264C /* e509.jpg in Resources */,
				028C92C71F2DF3C40092264C /* e410.jpg in Resources */,
				028C92F21F2DF57B0092264C /* e607.jpg in Resources */,
				028C92F11F2DF57B0092264C /* e608.jpg in Resources */,
				02BEDE8F1F0C47E000179504 /* LaunchScreen.storyboard in Resources */,
				028C928A1F2DEF2B0092264C /* e105.jpg in Resources */,
				028C92B51F2DF2550092264C /* e308.jpg in Resources */,
				028C92EF1F2DF57B0092264C /* e610.jpg in Resources */,
				028A06361F1CAE860027B8CB /* targaryenSigil.png in Resources */,
				028C928D1F2DEF2B0092264C /* e102.jpg in Resources */,
				028C92B61F2DF2550092264C /* e307.jpg in Resources */,
				0271516B1F2A78C100540106 /* Baratheon.png in Resources */,
				028C92B81F2DF2550092264C /* e305.jpg in Resources */,
				02FA5B761F14128F008CD3A7 /* HouseViewController.xib in Resources */,
				028C92F51F2DF57B0092264C /* e604.jpg in Resources */,
				028C92CB1F2DF3C40092264C /* e406.jpg in Resources */,
				028C92881F2DEF2B0092264C /* e107.jpg in Resources */,
				028C92A81F2DF14A0092264C /* e201.jpg in Resources */,
				027151671F2A78B400540106 /* Tully.png in Resources */,
				028C92D01F2DF3C40092264C /* e401.jpg in Resources */,
				027151631F2A789900540106 /* stark.png in Resources */,
				028C92CF1F2DF3C40092264C /* e402.jpg in Resources */,
				028C92E01F2DF4A60092264C /* e505.jpg in Resources */,
				02BEDE8C1F0C47E000179504 /* Assets.xcassets in Resources */,
				028C92891F2DEF2B0092264C /* e106.jpg in Resources */,
				028C92DB1F2DF4A60092264C /* e510.jpg in Resources */,
				028A06351F1CAE860027B8CB /* mormotSigil.png in Resources */,
				028C92E41F2DF4A60092264C /* e501.jpg in Resources */,
				028C92DE1F2DF4A60092264C /* e507.jpg in Resources */,
				028C92E11F2DF4A60092264C /* e504.jpg in Resources */,
				028C92A31F2DF14A0092264C /* e206.jpg in Resources */,
				028C92DF1F2DF4A60092264C /* e506.jpg in Resources */,
				028C92F01F2DF57B0092264C /* e609.jpg in Resources */,
				028C92B71F2DF2550092264C /* e306.jpg in Resources */,
				028C92A21F2DF14A0092264C /* e207.jpg in Resources */,
				028C92A51F2DF14A0092264C /* e204.jpg in Resources */,
				028C92B91F2DF2550092264C /* e304.jpg in Resources */,
				028C92F81F2DF57B0092264C /* e601.jpg in Resources */,
				027151651F2A78A700540106 /* Arryn.png in Resources */,
				028A06311F1CAE790027B8CB /* greyjoySigil.png in Resources */,
				028C92F31F2DF57B0092264C /* e606.jpg in Resources */,
				028C92BA1F2DF2550092264C /* e303.jpg in Resources */,
				028C92A11F2DF14A0092264C /* e208.jpg in Resources */,
				028C92B41F2DF2550092264C /* e309.jpg in Resources */,
				028C92BC1F2DF2550092264C /* e301.jpg in Resources */,
				028C92871F2DEF2B0092264C /* e108.jpg in Resources */,
				028C929F1F2DF14A0092264C /* e210.jpg in Resources */,
				028C92CC1F2DF3C40092264C /* e405.jpg in Resources */,
				028C92DD1F2DF4A60092264C /* e508.jpg in Resources */,
				028A06371F1CAE860027B8CB /* tyrellSigil.png in Resources */,
				028C92FF1F2DF6180092264C /* e702.jpg in Resources */,
				02BEDEAD1F0ECE3D00179504 /* codeIsComing.png in Resources */,
				028C93001F2DF6180092264C /* e701.jpg in Resources */,
				028C92E31F2DF4A60092264C /* e502.jpg in Resources */,
				028C92CD1F2DF3C40092264C /* e404.jpg in Resources */,
				028C92A01F2DF14A0092264C /* e209.jpg in Resources */,
				028C92CA1F2DF3C40092264C /* e407.jpg in Resources */,
				028C928E1F2DEF2B0092264C /* e101.jpg in Resources */,
				028C92C91F2DF3C40092264C /* e408.jpg in Resources */,
				028C92BB1F2DF2550092264C /* e302.jpg in Resources */,
				028C92A41F2DF14A0092264C /* e205.jpg in Resources */,
				028C92851F2DEF2B0092264C /* e110.jpg in Resources */,
				028C92F61F2DF57B0092264C /* e603.jpg in Resources */,
				028C92A71F2DF14A0092264C /* e202.jpg in Resources */,
				028C928C1F2DEF2B0092264C /* e103.jpg in Resources */,
				028C92A61F2DF14A0092264C /* e203.jpg in Resources */,
				028C92F41F2DF57B0092264C /* e605.jpg in Resources */,
				027151691F2A78BC00540106 /* Martell.png in Resources */,
			);
			runOnlyForDeploymentPostprocessing = 0;
		};
		02BEDE931F0C47E000179504 /* Resources */ = {
			isa = PBXResourcesBuildPhase;
			buildActionMask = 2147483647;
			files = (
			);
			runOnlyForDeploymentPostprocessing = 0;
		};
/* End PBXResourcesBuildPhase section */

/* Begin PBXSourcesBuildPhase section */
		02BEDE7D1F0C47E000179504 /* Sources */ = {
			isa = PBXSourcesBuildPhase;
			buildActionMask = 2147483647;
			files = (
				0271516F1F2B502D00540106 /* Season.swift in Sources */,
				026A29911F1EA99400933AC0 /* ArrayTableViewController.swift in Sources */,
				026A298D1F1E99EE00933AC0 /* ArrayDataSource.swift in Sources */,
				026A299B1F1EB12000933AC0 /* Delegates.swift in Sources */,
				02BEDEAF1F0ECE6100179504 /* Person.swift in Sources */,
				02BEDEA71F0EC29B00179504 /* House.swift in Sources */,
				02BEDE851F0C47E000179504 /* AppDelegate.swift in Sources */,
				027151731F2B57D200540106 /* Episode.swift in Sources */,
				02FA5B751F14128F008CD3A7 /* HouseViewController.swift in Sources */,
				02FA5B791F155DA5008CD3A7 /* UIKitExtensions.swift in Sources */,
				02FA5B7D1F156223008CD3A7 /* Repository.swift in Sources */,
				026A29941F1EAB7A00933AC0 /* DataSources.swift in Sources */,
				026A297C1F1D4A2000933AC0 /* WikiViewController.swift in Sources */,
			);
			runOnlyForDeploymentPostprocessing = 0;
		};
		02BEDE911F0C47E000179504 /* Sources */ = {
			isa = PBXSourcesBuildPhase;
			buildActionMask = 2147483647;
			files = (
				02BEDEA51F0EC0F800179504 /* HouseTests.swift in Sources */,
				027151711F2B56F500540106 /* EpisodeTest.swift in Sources */,
				02BEDEB11F0ED54200179504 /* PersonTests.swift in Sources */,
				0271516D1F2B4FA600540106 /* SeasonTests.swift in Sources */,
				026A298F1F1E9EE900933AC0 /* ArrayDataSourceTest.swift in Sources */,
				02FA5B7B1F15607D008CD3A7 /* RepositoryTest.swift in Sources */,
			);
			runOnlyForDeploymentPostprocessing = 0;
		};
/* End PBXSourcesBuildPhase section */

/* Begin PBXTargetDependency section */
		02BEDE971F0C47E000179504 /* PBXTargetDependency */ = {
			isa = PBXTargetDependency;
			target = 02BEDE801F0C47E000179504 /* Westeros */;
			targetProxy = 02BEDE961F0C47E000179504 /* PBXContainerItemProxy */;
		};
/* End PBXTargetDependency section */

/* Begin PBXVariantGroup section */
		02BEDE8D1F0C47E000179504 /* LaunchScreen.storyboard */ = {
			isa = PBXVariantGroup;
			children = (
				02BEDE8E1F0C47E000179504 /* Base */,
			);
			name = LaunchScreen.storyboard;
			sourceTree = "<group>";
		};
/* End PBXVariantGroup section */

/* Begin XCBuildConfiguration section */
		02BEDE9C1F0C47E000179504 /* Debug */ = {
			isa = XCBuildConfiguration;
			buildSettings = {
				ALWAYS_SEARCH_USER_PATHS = NO;
				CLANG_ANALYZER_NONNULL = YES;
				CLANG_ANALYZER_NUMBER_OBJECT_CONVERSION = YES_AGGRESSIVE;
				CLANG_CXX_LANGUAGE_STANDARD = "gnu++0x";
				CLANG_CXX_LIBRARY = "libc++";
				CLANG_ENABLE_MODULES = YES;
				CLANG_ENABLE_OBJC_ARC = YES;
				CLANG_WARN_BOOL_CONVERSION = YES;
				CLANG_WARN_CONSTANT_CONVERSION = YES;
				CLANG_WARN_DIRECT_OBJC_ISA_USAGE = YES_ERROR;
				CLANG_WARN_DOCUMENTATION_COMMENTS = YES;
				CLANG_WARN_EMPTY_BODY = YES;
				CLANG_WARN_ENUM_CONVERSION = YES;
				CLANG_WARN_INFINITE_RECURSION = YES;
				CLANG_WARN_INT_CONVERSION = YES;
				CLANG_WARN_OBJC_ROOT_CLASS = YES_ERROR;
				CLANG_WARN_SUSPICIOUS_MOVE = YES;
				CLANG_WARN_UNREACHABLE_CODE = YES;
				CLANG_WARN__DUPLICATE_METHOD_MATCH = YES;
				"CODE_SIGN_IDENTITY[sdk=iphoneos*]" = "iPhone Developer";
				COPY_PHASE_STRIP = NO;
				DEBUG_INFORMATION_FORMAT = dwarf;
				ENABLE_STRICT_OBJC_MSGSEND = YES;
				ENABLE_TESTABILITY = YES;
				GCC_C_LANGUAGE_STANDARD = gnu99;
				GCC_DYNAMIC_NO_PIC = NO;
				GCC_NO_COMMON_BLOCKS = YES;
				GCC_OPTIMIZATION_LEVEL = 0;
				GCC_PREPROCESSOR_DEFINITIONS = (
					"DEBUG=1",
					"$(inherited)",
				);
				GCC_WARN_64_TO_32_BIT_CONVERSION = YES;
				GCC_WARN_ABOUT_RETURN_TYPE = YES_ERROR;
				GCC_WARN_UNDECLARED_SELECTOR = YES;
				GCC_WARN_UNINITIALIZED_AUTOS = YES_AGGRESSIVE;
				GCC_WARN_UNUSED_FUNCTION = YES;
				GCC_WARN_UNUSED_VARIABLE = YES;
				IPHONEOS_DEPLOYMENT_TARGET = 10.3;
				MTL_ENABLE_DEBUG_INFO = YES;
				ONLY_ACTIVE_ARCH = YES;
				SDKROOT = iphoneos;
				SWIFT_ACTIVE_COMPILATION_CONDITIONS = DEBUG;
				SWIFT_OPTIMIZATION_LEVEL = "-Onone";
				TARGETED_DEVICE_FAMILY = "1,2";
			};
			name = Debug;
		};
		02BEDE9D1F0C47E000179504 /* Release */ = {
			isa = XCBuildConfiguration;
			buildSettings = {
				ALWAYS_SEARCH_USER_PATHS = NO;
				CLANG_ANALYZER_NONNULL = YES;
				CLANG_ANALYZER_NUMBER_OBJECT_CONVERSION = YES_AGGRESSIVE;
				CLANG_CXX_LANGUAGE_STANDARD = "gnu++0x";
				CLANG_CXX_LIBRARY = "libc++";
				CLANG_ENABLE_MODULES = YES;
				CLANG_ENABLE_OBJC_ARC = YES;
				CLANG_WARN_BOOL_CONVERSION = YES;
				CLANG_WARN_CONSTANT_CONVERSION = YES;
				CLANG_WARN_DIRECT_OBJC_ISA_USAGE = YES_ERROR;
				CLANG_WARN_DOCUMENTATION_COMMENTS = YES;
				CLANG_WARN_EMPTY_BODY = YES;
				CLANG_WARN_ENUM_CONVERSION = YES;
				CLANG_WARN_INFINITE_RECURSION = YES;
				CLANG_WARN_INT_CONVERSION = YES;
				CLANG_WARN_OBJC_ROOT_CLASS = YES_ERROR;
				CLANG_WARN_SUSPICIOUS_MOVE = YES;
				CLANG_WARN_UNREACHABLE_CODE = YES;
				CLANG_WARN__DUPLICATE_METHOD_MATCH = YES;
				"CODE_SIGN_IDENTITY[sdk=iphoneos*]" = "iPhone Developer";
				COPY_PHASE_STRIP = NO;
				DEBUG_INFORMATION_FORMAT = "dwarf-with-dsym";
				ENABLE_NS_ASSERTIONS = NO;
				ENABLE_STRICT_OBJC_MSGSEND = YES;
				GCC_C_LANGUAGE_STANDARD = gnu99;
				GCC_NO_COMMON_BLOCKS = YES;
				GCC_WARN_64_TO_32_BIT_CONVERSION = YES;
				GCC_WARN_ABOUT_RETURN_TYPE = YES_ERROR;
				GCC_WARN_UNDECLARED_SELECTOR = YES;
				GCC_WARN_UNINITIALIZED_AUTOS = YES_AGGRESSIVE;
				GCC_WARN_UNUSED_FUNCTION = YES;
				GCC_WARN_UNUSED_VARIABLE = YES;
				IPHONEOS_DEPLOYMENT_TARGET = 10.3;
				MTL_ENABLE_DEBUG_INFO = NO;
				SDKROOT = iphoneos;
				SWIFT_OPTIMIZATION_LEVEL = "-Owholemodule";
				TARGETED_DEVICE_FAMILY = "1,2";
				VALIDATE_PRODUCT = YES;
			};
			name = Release;
		};
		02BEDE9F1F0C47E000179504 /* Debug */ = {
			isa = XCBuildConfiguration;
			buildSettings = {
				ASSETCATALOG_COMPILER_APPICON_NAME = AppIcon;
				DEVELOPMENT_TEAM = 57THTWEVBU;
				INFOPLIST_FILE = Westeros/Info.plist;
				LD_RUNPATH_SEARCH_PATHS = "$(inherited) @executable_path/Frameworks";
				PRODUCT_BUNDLE_IDENTIFIER = com.Jarzasa.Westeros;
				PRODUCT_NAME = "$(TARGET_NAME)";
				SWIFT_VERSION = 3.0;
			};
			name = Debug;
		};
		02BEDEA01F0C47E000179504 /* Release */ = {
			isa = XCBuildConfiguration;
			buildSettings = {
				ASSETCATALOG_COMPILER_APPICON_NAME = AppIcon;
				DEVELOPMENT_TEAM = 57THTWEVBU;
				INFOPLIST_FILE = Westeros/Info.plist;
				LD_RUNPATH_SEARCH_PATHS = "$(inherited) @executable_path/Frameworks";
				PRODUCT_BUNDLE_IDENTIFIER = com.Jarzasa.Westeros;
				PRODUCT_NAME = "$(TARGET_NAME)";
				SWIFT_VERSION = 3.0;
			};
			name = Release;
		};
		02BEDEA21F0C47E000179504 /* Debug */ = {
			isa = XCBuildConfiguration;
			buildSettings = {
				ALWAYS_EMBED_SWIFT_STANDARD_LIBRARIES = YES;
				BUNDLE_LOADER = "$(TEST_HOST)";
				CLANG_ENABLE_MODULES = YES;
				DEVELOPMENT_TEAM = 57THTWEVBU;
				INFOPLIST_FILE = WesterosTests/Info.plist;
				LD_RUNPATH_SEARCH_PATHS = "$(inherited) @executable_path/Frameworks @loader_path/Frameworks";
				PRODUCT_BUNDLE_IDENTIFIER = com.Jarzasa.WesterosTests;
				PRODUCT_NAME = "$(TARGET_NAME)";
				SWIFT_OPTIMIZATION_LEVEL = "-Onone";
				SWIFT_VERSION = 3.0;
				TEST_HOST = "$(BUILT_PRODUCTS_DIR)/Westeros.app/Westeros";
			};
			name = Debug;
		};
		02BEDEA31F0C47E000179504 /* Release */ = {
			isa = XCBuildConfiguration;
			buildSettings = {
				ALWAYS_EMBED_SWIFT_STANDARD_LIBRARIES = YES;
				BUNDLE_LOADER = "$(TEST_HOST)";
				CLANG_ENABLE_MODULES = YES;
				DEVELOPMENT_TEAM = 57THTWEVBU;
				INFOPLIST_FILE = WesterosTests/Info.plist;
				LD_RUNPATH_SEARCH_PATHS = "$(inherited) @executable_path/Frameworks @loader_path/Frameworks";
				PRODUCT_BUNDLE_IDENTIFIER = com.Jarzasa.WesterosTests;
				PRODUCT_NAME = "$(TARGET_NAME)";
				SWIFT_VERSION = 3.0;
				TEST_HOST = "$(BUILT_PRODUCTS_DIR)/Westeros.app/Westeros";
			};
			name = Release;
		};
/* End XCBuildConfiguration section */

/* Begin XCConfigurationList section */
		02BEDE7C1F0C47E000179504 /* Build configuration list for PBXProject "Westeros" */ = {
			isa = XCConfigurationList;
			buildConfigurations = (
				02BEDE9C1F0C47E000179504 /* Debug */,
				02BEDE9D1F0C47E000179504 /* Release */,
			);
			defaultConfigurationIsVisible = 0;
			defaultConfigurationName = Release;
		};
		02BEDE9E1F0C47E000179504 /* Build configuration list for PBXNativeTarget "Westeros" */ = {
			isa = XCConfigurationList;
			buildConfigurations = (
				02BEDE9F1F0C47E000179504 /* Debug */,
				02BEDEA01F0C47E000179504 /* Release */,
			);
			defaultConfigurationIsVisible = 0;
			defaultConfigurationName = Release;
		};
		02BEDEA11F0C47E000179504 /* Build configuration list for PBXNativeTarget "WesterosTests" */ = {
			isa = XCConfigurationList;
			buildConfigurations = (
				02BEDEA21F0C47E000179504 /* Debug */,
				02BEDEA31F0C47E000179504 /* Release */,
			);
			defaultConfigurationIsVisible = 0;
			defaultConfigurationName = Release;
		};
/* End XCConfigurationList section */
	};
	rootObject = 02BEDE791F0C47E000179504 /* Project object */;
}
